<?xml version="1.0" encoding="utf-8"?>
<Project ToolsVersion="17.0" xmlns="http://schemas.microsoft.com/developer/msbuild/2003">
  <ItemGroup>
    <CustomBuild Include="C:\Users\fateme\Desktop\create\sign_up\application\build\windows\CMakeFiles\306d5b42094372298b1dd27eb8175320\INSTALL_force.rule">
      <Filter>CMake Rules</Filter>
    </CustomBuild>
  </ItemGroup>
  <ItemGroup>
    <Filter Include="CMake Rules">
      <UniqueIdentifier>{A4A8A777-6162-3D62-8D85-1C46854EF449}</UniqueIdentifier>
    </Filter>
  </ItemGroup>
</Project>
